schema: '2.0'
stages:
  prepare:
    cmd: python prepare.py
    deps:
    - path: data/vineyard_weather_1948-2017.csv
      hash: md5
      md5: 4643e0e7904f57673657baf7d68683ac
      size: 761976
    - path: prepare.py
      hash: md5
      md5: 7d8f35f6a84815bce0e225c159916001
      size: 374
    outs:
    - path: data/prepared.csv
      hash: md5
      md5: b4be4fa36938d5022884a31f3cea18a4
      size: 79344
  featurize:
    cmd: python featurize.py
    deps:
    - path: data/prepared.csv
      hash: md5
      md5: b4be4fa36938d5022884a31f3cea18a4
      size: 79344
    - path: featurize.py
      hash: md5
      md5: 9064d2e9be023a7ad0c991a8ef1e16bd
      size: 592
    outs:
    - path: data/test_data.csv
      hash: md5
      md5: edac138386cacd01aa5a2dca22a83a0b
      size: 27676
    - path: data/train_data.csv
      hash: md5
      md5: d201f5236e1bbe2f38d437f45c675d8e
      size: 110387
  train:
    cmd: python train.py
    deps:
    - path: data/train_data.csv
      hash: md5
      md5: d201f5236e1bbe2f38d437f45c675d8e
      size: 110387
    - path: train.py
      hash: md5
      md5: 88dd30e80d4ebe1cd7fbf4cf6497f0c8
      size: 1519
    outs:
    - path: model/model.pkl
      hash: md5
      md5: e63a5e8f3b8adfd92bc158cf89c076dd
      size: 770
