schema: '2.0'
stages:
  prepare:
    cmd: python prepare.py
    deps:
    - path: data/vineyard_weather_1948-2017.csv
      hash: md5
      md5: 4643e0e7904f57673657baf7d68683ac
      size: 761976
    - path: prepare.py
      hash: md5
      md5: 7d8f35f6a84815bce0e225c159916001
      size: 374
    outs:
    - path: data/prepared.csv
      hash: md5
      md5: b4be4fa36938d5022884a31f3cea18a4
      size: 79344
  featurize:
    cmd: python featurize.py
    deps:
    - path: data/prepared.csv
      hash: md5
      md5: b4be4fa36938d5022884a31f3cea18a4
      size: 79344
    - path: featurize.py
      hash: md5
      md5: 9064d2e9be023a7ad0c991a8ef1e16bd
      size: 592
    outs:
    - path: data/test_data.csv
      hash: md5
      md5: edac138386cacd01aa5a2dca22a83a0b
      size: 27676
    - path: data/train_data.csv
      hash: md5
      md5: d201f5236e1bbe2f38d437f45c675d8e
      size: 110387
  train:
    cmd: python train.py
    deps:
    - path: data/train_data.csv
      hash: md5
      md5: d201f5236e1bbe2f38d437f45c675d8e
      size: 110387
    - path: params.yaml
      hash: md5
      md5: f85788b9123b04377edbff2dd1bd5bb8
      size: 352
    - path: train.py
      hash: md5
      md5: b75a7693e733b373eb4e9df39d2a5e16
      size: 2328
    outs:
    - path: model/model.pkl
      hash: md5
      md5: 0b32d0aa2a4f57181bf7904b1bce6f76
      size: 54433
  evaluate:
    cmd: python evaluate.py
    deps:
    - path: data/test_data.csv
      hash: md5
      md5: edac138386cacd01aa5a2dca22a83a0b
      size: 27676
    - path: evaluate.py
      hash: md5
      md5: dc224992fbadcd9b4f625c00d6842321
      size: 1448
    - path: model/model.pkl
      hash: md5
      md5: 0b32d0aa2a4f57181bf7904b1bce6f76
      size: 54433
    - path: params.yaml
      hash: md5
      md5: f85788b9123b04377edbff2dd1bd5bb8
      size: 352
    outs:
    - path: results/evaluation_report.txt
      hash: md5
      md5: f33b08579220bfacbd3c3afda4b52d25
      size: 367
